
Microsoft Visual Studio Solution File, Format Version 12.00
# Visual Studio 15
VisualStudioVersion = 15.0.27703.2000
MinimumVisualStudioVersion = 10.0.40219.1
Project("{FAE04EC0-301F-11D3-BF4B-00C04F79EFBC}") = "FacebookAppLogic", "AppLogic\FacebookAppLogic.csproj", "{FEABB6A2-2BE2-4DF6-B983-DE806CD6BA67}"
EndProject
Project("{FAE04EC0-301F-11D3-BF4B-00C04F79EFBC}") = "FBAppUI", "FBAppUI\FBAppUI.csproj", "{D5D3DBB6-8937-48C7-8CB7-50B8AF928424}"
EndProject
Global
	GlobalSection(SolutionConfigurationPlatforms) = preSolution
		Debug|Any CPU = Debug|Any CPU
		Release|Any CPU = Release|Any CPU
	EndGlobalSection
	GlobalSection(ProjectConfigurationPlatforms) = postSolution
		{FEABB6A2-2BE2-4DF6-B983-DE806CD6BA67}.Debug|Any CPU.ActiveCfg = Debug|Any CPU
		{FEABB6A2-2BE2-4DF6-B983-DE806CD6BA67}.Debug|Any CPU.Build.0 = Debug|Any CPU
		{FEABB6A2-2BE2-4DF6-B983-DE806CD6BA67}.Release|Any CPU.ActiveCfg = Release|Any CPU
		{FEABB6A2-2BE2-4DF6-B983-DE806CD6BA67}.Release|Any CPU.Build.0 = Release|Any CPU
		{D5D3DBB6-8937-48C7-8CB7-50B8AF928424}.Debug|Any CPU.ActiveCfg = Debug|Any CPU
		{D5D3DBB6-8937-48C7-8CB7-50B8AF928424}.Debug|Any CPU.Build.0 = Debug|Any CPU
		{D5D3DBB6-8937-48C7-8CB7-50B8AF928424}.Release|Any CPU.ActiveCfg = Release|Any CPU
		{D5D3DBB6-8937-48C7-8CB7-50B8AF928424}.Release|Any CPU.Build.0 = Release|Any CPU
	EndGlobalSection
	GlobalSection(SolutionProperties) = preSolution
		HideSolutionNode = FALSE
	EndGlobalSection
	GlobalSection(ExtensibilityGlobals) = postSolution
		SolutionGuid = {E1872E77-5EE4-4939-91D6-876B5633BA11}
	EndGlobalSection
EndGlobal
